
Microsoft Visual Studio Solution File, Format Version 12.00
# Visual Studio Version 17
VisualStudioVersion = 17.11.35312.102
MinimumVisualStudioVersion = 10.0.40219.1
Project("{FAE04EC0-301F-11D3-BF4B-00C04F79EFBC}") = "Bai20", "Bai20\Bai20.csproj", "{00E4F275-EFC5-491D-848F-2B8FF529E9ED}"
EndProject
Project("{FAE04EC0-301F-11D3-BF4B-00C04F79EFBC}") = "Bai21", "Bai21\Bai21.csproj", "{783FF099-1EFB-400F-B9C2-3192A3A53570}"
EndProject
Project("{FAE04EC0-301F-11D3-BF4B-00C04F79EFBC}") = "Bai22", "Bai22\Bai22.csproj", "{0FA46DFC-2B4E-48EB-99A7-A3F52498211E}"
EndProject
Project("{FAE04EC0-301F-11D3-BF4B-00C04F79EFBC}") = "Bai23", "Bai23\Bai23.csproj", "{6E9633E4-631F-4CCC-8804-151C863B02B9}"
EndProject
Project("{FAE04EC0-301F-11D3-BF4B-00C04F79EFBC}") = "Bai24", "Bai24\Bai24.csproj", "{B570C762-EB05-4B32-B822-7F1EF52EAED1}"
EndProject
Project("{FAE04EC0-301F-11D3-BF4B-00C04F79EFBC}") = "Bai25", "Bai25\Bai25.csproj", "{588269BA-CF6E-4E48-83CE-EB46DBE6C289}"
EndProject
Project("{FAE04EC0-301F-11D3-BF4B-00C04F79EFBC}") = "Bai26", "Bai26\Bai26.csproj", "{610C4DBC-A365-4650-BE42-5B1BD9A4C171}"
EndProject
Project("{FAE04EC0-301F-11D3-BF4B-00C04F79EFBC}") = "Bai27", "Bai27\Bai27.csproj", "{AE7F6C72-32BF-4DB9-819B-E5674FDEFB01}"
EndProject
Project("{FAE04EC0-301F-11D3-BF4B-00C04F79EFBC}") = "Bai28", "Bai28\Bai28.csproj", "{8C869493-944A-4F6C-9005-FA104B50A81A}"
EndProject
Project("{FAE04EC0-301F-11D3-BF4B-00C04F79EFBC}") = "Bai29", "Bai30\Bai29.csproj", "{816A215B-E5E4-4030-A7C4-017F6545C15C}"
EndProject
Project("{FAE04EC0-301F-11D3-BF4B-00C04F79EFBC}") = "Bai31", "Bai31\Bai31.csproj", "{985BD3A7-252B-4A55-9141-E374594EA814}"
EndProject
Project("{FAE04EC0-301F-11D3-BF4B-00C04F79EFBC}") = "Bai32", "Bai32\Bai32.csproj", "{B2BDFD79-E688-49CB-937B-DDF6A006948B}"
EndProject
Project("{FAE04EC0-301F-11D3-BF4B-00C04F79EFBC}") = "Bai33", "Bai33\Bai33.csproj", "{3A29B787-9EA8-4D0B-B2E7-BDC449157E5E}"
EndProject
Global
	GlobalSection(SolutionConfigurationPlatforms) = preSolution
		Debug|Any CPU = Debug|Any CPU
		Release|Any CPU = Release|Any CPU
	EndGlobalSection
	GlobalSection(ProjectConfigurationPlatforms) = postSolution
		{00E4F275-EFC5-491D-848F-2B8FF529E9ED}.Debug|Any CPU.ActiveCfg = Debug|Any CPU
		{00E4F275-EFC5-491D-848F-2B8FF529E9ED}.Debug|Any CPU.Build.0 = Debug|Any CPU
		{00E4F275-EFC5-491D-848F-2B8FF529E9ED}.Release|Any CPU.ActiveCfg = Release|Any CPU
		{00E4F275-EFC5-491D-848F-2B8FF529E9ED}.Release|Any CPU.Build.0 = Release|Any CPU
		{783FF099-1EFB-400F-B9C2-3192A3A53570}.Debug|Any CPU.ActiveCfg = Debug|Any CPU
		{783FF099-1EFB-400F-B9C2-3192A3A53570}.Debug|Any CPU.Build.0 = Debug|Any CPU
		{783FF099-1EFB-400F-B9C2-3192A3A53570}.Release|Any CPU.ActiveCfg = Release|Any CPU
		{783FF099-1EFB-400F-B9C2-3192A3A53570}.Release|Any CPU.Build.0 = Release|Any CPU
		{0FA46DFC-2B4E-48EB-99A7-A3F52498211E}.Debug|Any CPU.ActiveCfg = Debug|Any CPU
		{0FA46DFC-2B4E-48EB-99A7-A3F52498211E}.Debug|Any CPU.Build.0 = Debug|Any CPU
		{0FA46DFC-2B4E-48EB-99A7-A3F52498211E}.Release|Any CPU.ActiveCfg = Release|Any CPU
		{0FA46DFC-2B4E-48EB-99A7-A3F52498211E}.Release|Any CPU.Build.0 = Release|Any CPU
		{6E9633E4-631F-4CCC-8804-151C863B02B9}.Debug|Any CPU.ActiveCfg = Debug|Any CPU
		{6E9633E4-631F-4CCC-8804-151C863B02B9}.Debug|Any CPU.Build.0 = Debug|Any CPU
		{6E9633E4-631F-4CCC-8804-151C863B02B9}.Release|Any CPU.ActiveCfg = Release|Any CPU
		{6E9633E4-631F-4CCC-8804-151C863B02B9}.Release|Any CPU.Build.0 = Release|Any CPU
		{B570C762-EB05-4B32-B822-7F1EF52EAED1}.Debug|Any CPU.ActiveCfg = Debug|Any CPU
		{B570C762-EB05-4B32-B822-7F1EF52EAED1}.Debug|Any CPU.Build.0 = Debug|Any CPU
		{B570C762-EB05-4B32-B822-7F1EF52EAED1}.Release|Any CPU.ActiveCfg = Release|Any CPU
		{B570C762-EB05-4B32-B822-7F1EF52EAED1}.Release|Any CPU.Build.0 = Release|Any CPU
		{588269BA-CF6E-4E48-83CE-EB46DBE6C289}.Debug|Any CPU.ActiveCfg = Debug|Any CPU
		{588269BA-CF6E-4E48-83CE-EB46DBE6C289}.Debug|Any CPU.Build.0 = Debug|Any CPU
		{588269BA-CF6E-4E48-83CE-EB46DBE6C289}.Release|Any CPU.ActiveCfg = Release|Any CPU
		{588269BA-CF6E-4E48-83CE-EB46DBE6C289}.Release|Any CPU.Build.0 = Release|Any CPU
		{610C4DBC-A365-4650-BE42-5B1BD9A4C171}.Debug|Any CPU.ActiveCfg = Debug|Any CPU
		{610C4DBC-A365-4650-BE42-5B1BD9A4C171}.Debug|Any CPU.Build.0 = Debug|Any CPU
		{610C4DBC-A365-4650-BE42-5B1BD9A4C171}.Release|Any CPU.ActiveCfg = Release|Any CPU
		{610C4DBC-A365-4650-BE42-5B1BD9A4C171}.Release|Any CPU.Build.0 = Release|Any CPU
		{AE7F6C72-32BF-4DB9-819B-E5674FDEFB01}.Debug|Any CPU.ActiveCfg = Debug|Any CPU
		{AE7F6C72-32BF-4DB9-819B-E5674FDEFB01}.Debug|Any CPU.Build.0 = Debug|Any CPU
		{AE7F6C72-32BF-4DB9-819B-E5674FDEFB01}.Release|Any CPU.ActiveCfg = Release|Any CPU
		{AE7F6C72-32BF-4DB9-819B-E5674FDEFB01}.Release|Any CPU.Build.0 = Release|Any CPU
		{8C869493-944A-4F6C-9005-FA104B50A81A}.Debug|Any CPU.ActiveCfg = Debug|Any CPU
		{8C869493-944A-4F6C-9005-FA104B50A81A}.Debug|Any CPU.Build.0 = Debug|Any CPU
		{8C869493-944A-4F6C-9005-FA104B50A81A}.Release|Any CPU.ActiveCfg = Release|Any CPU
		{8C869493-944A-4F6C-9005-FA104B50A81A}.Release|Any CPU.Build.0 = Release|Any CPU
		{816A215B-E5E4-4030-A7C4-017F6545C15C}.Debug|Any CPU.ActiveCfg = Debug|Any CPU
		{816A215B-E5E4-4030-A7C4-017F6545C15C}.Debug|Any CPU.Build.0 = Debug|Any CPU
		{816A215B-E5E4-4030-A7C4-017F6545C15C}.Release|Any CPU.ActiveCfg = Release|Any CPU
		{816A215B-E5E4-4030-A7C4-017F6545C15C}.Release|Any CPU.Build.0 = Release|Any CPU
		{985BD3A7-252B-4A55-9141-E374594EA814}.Debug|Any CPU.ActiveCfg = Debug|Any CPU
		{985BD3A7-252B-4A55-9141-E374594EA814}.Debug|Any CPU.Build.0 = Debug|Any CPU
		{985BD3A7-252B-4A55-9141-E374594EA814}.Release|Any CPU.ActiveCfg = Release|Any CPU
		{985BD3A7-252B-4A55-9141-E374594EA814}.Release|Any CPU.Build.0 = Release|Any CPU
		{B2BDFD79-E688-49CB-937B-DDF6A006948B}.Debug|Any CPU.ActiveCfg = Debug|Any CPU
		{B2BDFD79-E688-49CB-937B-DDF6A006948B}.Debug|Any CPU.Build.0 = Debug|Any CPU
		{B2BDFD79-E688-49CB-937B-DDF6A006948B}.Release|Any CPU.ActiveCfg = Release|Any CPU
		{B2BDFD79-E688-49CB-937B-DDF6A006948B}.Release|Any CPU.Build.0 = Release|Any CPU
		{3A29B787-9EA8-4D0B-B2E7-BDC449157E5E}.Debug|Any CPU.ActiveCfg = Debug|Any CPU
		{3A29B787-9EA8-4D0B-B2E7-BDC449157E5E}.Debug|Any CPU.Build.0 = Debug|Any CPU
		{3A29B787-9EA8-4D0B-B2E7-BDC449157E5E}.Release|Any CPU.ActiveCfg = Release|Any CPU
		{3A29B787-9EA8-4D0B-B2E7-BDC449157E5E}.Release|Any CPU.Build.0 = Release|Any CPU
	EndGlobalSection
	GlobalSection(SolutionProperties) = preSolution
		HideSolutionNode = FALSE
	EndGlobalSection
	GlobalSection(ExtensibilityGlobals) = postSolution
		SolutionGuid = {4D24F4DB-5A91-4491-90C3-B573CC14A09F}
	EndGlobalSection
EndGlobal
