
Microsoft Visual Studio Solution File, Format Version 12.00
# Visual Studio Version 17
VisualStudioVersion = 17.11.35312.102
MinimumVisualStudioVersion = 10.0.40219.1
Project("{FAE04EC0-301F-11D3-BF4B-00C04F79EFBC}") = "Stock", "Stock\Stock.csproj", "{74FBF188-0D16-40FD-AE69-9D6DCA05E1F5}"
EndProject
Global
	GlobalSection(SolutionConfigurationPlatforms) = preSolution
		Debug|Any CPU = Debug|Any CPU
		Release|Any CPU = Release|Any CPU
	EndGlobalSection
	GlobalSection(ProjectConfigurationPlatforms) = postSolution
		{74FBF188-0D16-40FD-AE69-9D6DCA05E1F5}.Debug|Any CPU.ActiveCfg = Debug|Any CPU
		{74FBF188-0D16-40FD-AE69-9D6DCA05E1F5}.Debug|Any CPU.Build.0 = Debug|Any CPU
		{74FBF188-0D16-40FD-AE69-9D6DCA05E1F5}.Release|Any CPU.ActiveCfg = Release|Any CPU
		{74FBF188-0D16-40FD-AE69-9D6DCA05E1F5}.Release|Any CPU.Build.0 = Release|Any CPU
	EndGlobalSection
	GlobalSection(SolutionProperties) = preSolution
		HideSolutionNode = FALSE
	EndGlobalSection
	GlobalSection(ExtensibilityGlobals) = postSolution
		SolutionGuid = {A3233892-CA28-49A1-B693-0EFF85930114}
	EndGlobalSection
EndGlobal
