
Microsoft Visual Studio Solution File, Format Version 12.00
# Visual Studio Version 17
VisualStudioVersion = 17.11.35312.102
MinimumVisualStudioVersion = 10.0.40219.1
Project("{FAE04EC0-301F-11D3-BF4B-00C04F79EFBC}") = "RomanToInt", "RomanToInt\RomanToInt.csproj", "{744A0CCB-B4E3-4705-B831-187646A664AE}"
EndProject
Global
	GlobalSection(SolutionConfigurationPlatforms) = preSolution
		Debug|Any CPU = Debug|Any CPU
		Release|Any CPU = Release|Any CPU
	EndGlobalSection
	GlobalSection(ProjectConfigurationPlatforms) = postSolution
		{744A0CCB-B4E3-4705-B831-187646A664AE}.Debug|Any CPU.ActiveCfg = Debug|Any CPU
		{744A0CCB-B4E3-4705-B831-187646A664AE}.Debug|Any CPU.Build.0 = Debug|Any CPU
		{744A0CCB-B4E3-4705-B831-187646A664AE}.Release|Any CPU.ActiveCfg = Release|Any CPU
		{744A0CCB-B4E3-4705-B831-187646A664AE}.Release|Any CPU.Build.0 = Release|Any CPU
	EndGlobalSection
	GlobalSection(SolutionProperties) = preSolution
		HideSolutionNode = FALSE
	EndGlobalSection
	GlobalSection(ExtensibilityGlobals) = postSolution
		SolutionGuid = {4C06524C-7A18-43BE-A33D-AE80F7A3F43B}
	EndGlobalSection
EndGlobal
