
Microsoft Visual Studio Solution File, Format Version 12.00
# Visual Studio Version 17
VisualStudioVersion = 17.12.35527.113
MinimumVisualStudioVersion = 10.0.40219.1
Project("{9A19103F-16F7-4668-BE54-9A1E7A4F7556}") = "KiemTraSoNguyenTo", "KiemTraSoNguyenTo\KiemTraSoNguyenTo.csproj", "{742C9DA2-D931-4E0E-9073-9209EACEC839}"
EndProject
Project("{9A19103F-16F7-4668-BE54-9A1E7A4F7556}") = "SangSoNguyenTo", "SangSoNguyenTo\SangSoNguyenTo.csproj", "{270EC997-D558-4DF3-89D5-7D2588FCAD39}"
EndProject
Project("{9A19103F-16F7-4668-BE54-9A1E7A4F7556}") = "SangSoNguyenToTrenDoan", "SangSoNguyenToTrenDoan\SangSoNguyenToTrenDoan.csproj", "{DCB62CE8-5B85-43AE-94BB-78FE283188B3}"
EndProject
Project("{9A19103F-16F7-4668-BE54-9A1E7A4F7556}") = "Bai5", "Bai5\Bai5.csproj", "{FF6DBE78-AA59-47EF-B00C-046AC6D9B8E9}"
EndProject
Project("{9A19103F-16F7-4668-BE54-9A1E7A4F7556}") = "TinhGiaiThua", "TinhGiaiThua\TinhGiaiThua.csproj", "{485AB54F-7FD8-4B6B-8B4F-693DDA3E6871}"
EndProject
Project("{9A19103F-16F7-4668-BE54-9A1E7A4F7556}") = "VeHinhChuNhat", "VeHinhChuNhat\VeHinhChuNhat.csproj", "{20EA3B62-F67F-44AE-B7D6-D17A240E51F1}"
EndProject
Project("{9A19103F-16F7-4668-BE54-9A1E7A4F7556}") = "VeHinhTamGiac", "VeHinhTamGiac\VeHinhTamGiac.csproj", "{1ECCA6D5-CA5B-4CFE-93C8-7F062D6D2B33}"
EndProject
Project("{9A19103F-16F7-4668-BE54-9A1E7A4F7556}") = "SoChinhPhuong", "SoChinhPhuong\SoChinhPhuong.csproj", "{287B531A-9ECC-4730-9443-E9BC64243A6E}"
EndProject
Project("{FAE04EC0-301F-11D3-BF4B-00C04F79EFBC}") = "DemSoLanXuatHienCuaPhanTuTrongXau", "DemSoLanXuatHienCuaPhanTuTrongXau\DemSoLanXuatHienCuaPhanTuTrongXau.csproj", "{F09E6412-D97E-4B94-9929-55EA1078E534}"
EndProject
Project("{FAE04EC0-301F-11D3-BF4B-00C04F79EFBC}") = "TuanSuatXuatHienKiTu", "TuanSuatXuatHienKiTu\TuanSuatXuatHienKiTu.csproj", "{08903E31-88B9-4F38-B3EA-E0827093D462}"
EndProject
Project("{FAE04EC0-301F-11D3-BF4B-00C04F79EFBC}") = "PhanTichThuaSoNguyenTo", "PhanTichThuaSoNguyenTo\PhanTichThuaSoNguyenTo.csproj", "{5C40E350-4782-45AB-8F11-033F171D4662}"
EndProject
Project("{FAE04EC0-301F-11D3-BF4B-00C04F79EFBC}") = "DemUocLaSoNguyenTo", "DemUocLaSoNguyenTo\DemUocLaSoNguyenTo.csproj", "{A0CC8EB5-0E9A-4323-8958-2CF9B58C6940}"
EndProject
Project("{FAE04EC0-301F-11D3-BF4B-00C04F79EFBC}") = "CacCapSoNguyenToCoTongBangN", "CacCapSoNguyenToCoTongBangN\CacCapSoNguyenToCoTongBangN.csproj", "{FB56369B-5873-4E40-9D9A-8E2597A435C7}"
EndProject
Project("{FAE04EC0-301F-11D3-BF4B-00C04F79EFBC}") = "DemSo0tanCungCuaN!", "DemSo0tanCungCuaN!\DemSo0tanCungCuaN!.csproj", "{071CFEE4-2A18-47F3-A98A-6335D56FEB2C}"
EndProject
Project("{FAE04EC0-301F-11D3-BF4B-00C04F79EFBC}") = "SoSmith", "SoSmith\SoSmith.csproj", "{9EA17F86-ACCF-4A44-AF8E-DAD68C1521F3}"
EndProject
Project("{FAE04EC0-301F-11D3-BF4B-00C04F79EFBC}") = "TimUocNguyenToLonNhatCuaMotSo", "TimUocNguyenToLonNhatCuaMotSo\TimUocNguyenToLonNhatCuaMotSo.csproj", "{A845B78C-BD9A-4BD5-B589-98743012784C}"
EndProject
Project("{FAE04EC0-301F-11D3-BF4B-00C04F79EFBC}") = "Bai22", "Bai22\Bai22.csproj", "{012AAF55-A271-454E-8D90-A0F08A39DECC}"
EndProject
Project("{FAE04EC0-301F-11D3-BF4B-00C04F79EFBC}") = "KiemTraSoTangGiam", "KiemTraSoTangGiam\KiemTraSoTangGiam.csproj", "{E0B5C0D3-1890-41E7-BC01-9711F411A00F}"
EndProject
Project("{FAE04EC0-301F-11D3-BF4B-00C04F79EFBC}") = "KiemTraXauDoiXung", "KiemTraXauDoiXung\KiemTraXauDoiXung.csproj", "{901A8099-96B6-4D0A-A0BC-7E14A6E5419F}"
EndProject
Project("{FAE04EC0-301F-11D3-BF4B-00C04F79EFBC}") = "LoaiBoTuTrongXau", "LoaiBoTuTrongXau\LoaiBoTuTrongXau.csproj", "{A5EE0B60-FA20-4D5B-AC15-F347335DBD2A}"
EndProject
Global
	GlobalSection(SolutionConfigurationPlatforms) = preSolution
		Debug|Any CPU = Debug|Any CPU
		Release|Any CPU = Release|Any CPU
	EndGlobalSection
	GlobalSection(ProjectConfigurationPlatforms) = postSolution
		{742C9DA2-D931-4E0E-9073-9209EACEC839}.Debug|Any CPU.ActiveCfg = Debug|Any CPU
		{742C9DA2-D931-4E0E-9073-9209EACEC839}.Debug|Any CPU.Build.0 = Debug|Any CPU
		{742C9DA2-D931-4E0E-9073-9209EACEC839}.Release|Any CPU.ActiveCfg = Release|Any CPU
		{742C9DA2-D931-4E0E-9073-9209EACEC839}.Release|Any CPU.Build.0 = Release|Any CPU
		{270EC997-D558-4DF3-89D5-7D2588FCAD39}.Debug|Any CPU.ActiveCfg = Debug|Any CPU
		{270EC997-D558-4DF3-89D5-7D2588FCAD39}.Debug|Any CPU.Build.0 = Debug|Any CPU
		{270EC997-D558-4DF3-89D5-7D2588FCAD39}.Release|Any CPU.ActiveCfg = Release|Any CPU
		{270EC997-D558-4DF3-89D5-7D2588FCAD39}.Release|Any CPU.Build.0 = Release|Any CPU
		{DCB62CE8-5B85-43AE-94BB-78FE283188B3}.Debug|Any CPU.ActiveCfg = Debug|Any CPU
		{DCB62CE8-5B85-43AE-94BB-78FE283188B3}.Debug|Any CPU.Build.0 = Debug|Any CPU
		{DCB62CE8-5B85-43AE-94BB-78FE283188B3}.Release|Any CPU.ActiveCfg = Release|Any CPU
		{DCB62CE8-5B85-43AE-94BB-78FE283188B3}.Release|Any CPU.Build.0 = Release|Any CPU
		{FF6DBE78-AA59-47EF-B00C-046AC6D9B8E9}.Debug|Any CPU.ActiveCfg = Debug|Any CPU
		{FF6DBE78-AA59-47EF-B00C-046AC6D9B8E9}.Debug|Any CPU.Build.0 = Debug|Any CPU
		{FF6DBE78-AA59-47EF-B00C-046AC6D9B8E9}.Release|Any CPU.ActiveCfg = Release|Any CPU
		{FF6DBE78-AA59-47EF-B00C-046AC6D9B8E9}.Release|Any CPU.Build.0 = Release|Any CPU
		{485AB54F-7FD8-4B6B-8B4F-693DDA3E6871}.Debug|Any CPU.ActiveCfg = Debug|Any CPU
		{485AB54F-7FD8-4B6B-8B4F-693DDA3E6871}.Debug|Any CPU.Build.0 = Debug|Any CPU
		{485AB54F-7FD8-4B6B-8B4F-693DDA3E6871}.Release|Any CPU.ActiveCfg = Release|Any CPU
		{485AB54F-7FD8-4B6B-8B4F-693DDA3E6871}.Release|Any CPU.Build.0 = Release|Any CPU
		{20EA3B62-F67F-44AE-B7D6-D17A240E51F1}.Debug|Any CPU.ActiveCfg = Debug|Any CPU
		{20EA3B62-F67F-44AE-B7D6-D17A240E51F1}.Debug|Any CPU.Build.0 = Debug|Any CPU
		{20EA3B62-F67F-44AE-B7D6-D17A240E51F1}.Release|Any CPU.ActiveCfg = Release|Any CPU
		{20EA3B62-F67F-44AE-B7D6-D17A240E51F1}.Release|Any CPU.Build.0 = Release|Any CPU
		{1ECCA6D5-CA5B-4CFE-93C8-7F062D6D2B33}.Debug|Any CPU.ActiveCfg = Debug|Any CPU
		{1ECCA6D5-CA5B-4CFE-93C8-7F062D6D2B33}.Debug|Any CPU.Build.0 = Debug|Any CPU
		{1ECCA6D5-CA5B-4CFE-93C8-7F062D6D2B33}.Release|Any CPU.ActiveCfg = Release|Any CPU
		{1ECCA6D5-CA5B-4CFE-93C8-7F062D6D2B33}.Release|Any CPU.Build.0 = Release|Any CPU
		{287B531A-9ECC-4730-9443-E9BC64243A6E}.Debug|Any CPU.ActiveCfg = Debug|Any CPU
		{287B531A-9ECC-4730-9443-E9BC64243A6E}.Debug|Any CPU.Build.0 = Debug|Any CPU
		{287B531A-9ECC-4730-9443-E9BC64243A6E}.Release|Any CPU.ActiveCfg = Release|Any CPU
		{287B531A-9ECC-4730-9443-E9BC64243A6E}.Release|Any CPU.Build.0 = Release|Any CPU
		{F09E6412-D97E-4B94-9929-55EA1078E534}.Debug|Any CPU.ActiveCfg = Debug|Any CPU
		{F09E6412-D97E-4B94-9929-55EA1078E534}.Debug|Any CPU.Build.0 = Debug|Any CPU
		{F09E6412-D97E-4B94-9929-55EA1078E534}.Release|Any CPU.ActiveCfg = Release|Any CPU
		{F09E6412-D97E-4B94-9929-55EA1078E534}.Release|Any CPU.Build.0 = Release|Any CPU
		{08903E31-88B9-4F38-B3EA-E0827093D462}.Debug|Any CPU.ActiveCfg = Debug|Any CPU
		{08903E31-88B9-4F38-B3EA-E0827093D462}.Debug|Any CPU.Build.0 = Debug|Any CPU
		{08903E31-88B9-4F38-B3EA-E0827093D462}.Release|Any CPU.ActiveCfg = Release|Any CPU
		{08903E31-88B9-4F38-B3EA-E0827093D462}.Release|Any CPU.Build.0 = Release|Any CPU
		{5C40E350-4782-45AB-8F11-033F171D4662}.Debug|Any CPU.ActiveCfg = Debug|Any CPU
		{5C40E350-4782-45AB-8F11-033F171D4662}.Debug|Any CPU.Build.0 = Debug|Any CPU
		{5C40E350-4782-45AB-8F11-033F171D4662}.Release|Any CPU.ActiveCfg = Release|Any CPU
		{5C40E350-4782-45AB-8F11-033F171D4662}.Release|Any CPU.Build.0 = Release|Any CPU
		{A0CC8EB5-0E9A-4323-8958-2CF9B58C6940}.Debug|Any CPU.ActiveCfg = Debug|Any CPU
		{A0CC8EB5-0E9A-4323-8958-2CF9B58C6940}.Debug|Any CPU.Build.0 = Debug|Any CPU
		{A0CC8EB5-0E9A-4323-8958-2CF9B58C6940}.Release|Any CPU.ActiveCfg = Release|Any CPU
		{A0CC8EB5-0E9A-4323-8958-2CF9B58C6940}.Release|Any CPU.Build.0 = Release|Any CPU
		{FB56369B-5873-4E40-9D9A-8E2597A435C7}.Debug|Any CPU.ActiveCfg = Debug|Any CPU
		{FB56369B-5873-4E40-9D9A-8E2597A435C7}.Debug|Any CPU.Build.0 = Debug|Any CPU
		{FB56369B-5873-4E40-9D9A-8E2597A435C7}.Release|Any CPU.ActiveCfg = Release|Any CPU
		{FB56369B-5873-4E40-9D9A-8E2597A435C7}.Release|Any CPU.Build.0 = Release|Any CPU
		{071CFEE4-2A18-47F3-A98A-6335D56FEB2C}.Debug|Any CPU.ActiveCfg = Debug|Any CPU
		{071CFEE4-2A18-47F3-A98A-6335D56FEB2C}.Debug|Any CPU.Build.0 = Debug|Any CPU
		{071CFEE4-2A18-47F3-A98A-6335D56FEB2C}.Release|Any CPU.ActiveCfg = Release|Any CPU
		{071CFEE4-2A18-47F3-A98A-6335D56FEB2C}.Release|Any CPU.Build.0 = Release|Any CPU
		{9EA17F86-ACCF-4A44-AF8E-DAD68C1521F3}.Debug|Any CPU.ActiveCfg = Debug|Any CPU
		{9EA17F86-ACCF-4A44-AF8E-DAD68C1521F3}.Debug|Any CPU.Build.0 = Debug|Any CPU
		{9EA17F86-ACCF-4A44-AF8E-DAD68C1521F3}.Release|Any CPU.ActiveCfg = Release|Any CPU
		{9EA17F86-ACCF-4A44-AF8E-DAD68C1521F3}.Release|Any CPU.Build.0 = Release|Any CPU
		{A845B78C-BD9A-4BD5-B589-98743012784C}.Debug|Any CPU.ActiveCfg = Debug|Any CPU
		{A845B78C-BD9A-4BD5-B589-98743012784C}.Debug|Any CPU.Build.0 = Debug|Any CPU
		{A845B78C-BD9A-4BD5-B589-98743012784C}.Release|Any CPU.ActiveCfg = Release|Any CPU
		{A845B78C-BD9A-4BD5-B589-98743012784C}.Release|Any CPU.Build.0 = Release|Any CPU
		{012AAF55-A271-454E-8D90-A0F08A39DECC}.Debug|Any CPU.ActiveCfg = Debug|Any CPU
		{012AAF55-A271-454E-8D90-A0F08A39DECC}.Debug|Any CPU.Build.0 = Debug|Any CPU
		{012AAF55-A271-454E-8D90-A0F08A39DECC}.Release|Any CPU.ActiveCfg = Release|Any CPU
		{012AAF55-A271-454E-8D90-A0F08A39DECC}.Release|Any CPU.Build.0 = Release|Any CPU
		{E0B5C0D3-1890-41E7-BC01-9711F411A00F}.Debug|Any CPU.ActiveCfg = Debug|Any CPU
		{E0B5C0D3-1890-41E7-BC01-9711F411A00F}.Debug|Any CPU.Build.0 = Debug|Any CPU
		{E0B5C0D3-1890-41E7-BC01-9711F411A00F}.Release|Any CPU.ActiveCfg = Release|Any CPU
		{E0B5C0D3-1890-41E7-BC01-9711F411A00F}.Release|Any CPU.Build.0 = Release|Any CPU
		{901A8099-96B6-4D0A-A0BC-7E14A6E5419F}.Debug|Any CPU.ActiveCfg = Debug|Any CPU
		{901A8099-96B6-4D0A-A0BC-7E14A6E5419F}.Debug|Any CPU.Build.0 = Debug|Any CPU
		{901A8099-96B6-4D0A-A0BC-7E14A6E5419F}.Release|Any CPU.ActiveCfg = Release|Any CPU
		{901A8099-96B6-4D0A-A0BC-7E14A6E5419F}.Release|Any CPU.Build.0 = Release|Any CPU
		{A5EE0B60-FA20-4D5B-AC15-F347335DBD2A}.Debug|Any CPU.ActiveCfg = Debug|Any CPU
		{A5EE0B60-FA20-4D5B-AC15-F347335DBD2A}.Debug|Any CPU.Build.0 = Debug|Any CPU
		{A5EE0B60-FA20-4D5B-AC15-F347335DBD2A}.Release|Any CPU.ActiveCfg = Release|Any CPU
		{A5EE0B60-FA20-4D5B-AC15-F347335DBD2A}.Release|Any CPU.Build.0 = Release|Any CPU
	EndGlobalSection
	GlobalSection(SolutionProperties) = preSolution
		HideSolutionNode = FALSE
	EndGlobalSection
	GlobalSection(ExtensibilityGlobals) = postSolution
		SolutionGuid = {D6782684-71C9-4CA9-BD16-03065BF80837}
	EndGlobalSection
EndGlobal
