
Microsoft Visual Studio Solution File, Format Version 12.00
# Visual Studio Version 17
VisualStudioVersion = 17.11.35312.102
MinimumVisualStudioVersion = 10.0.40219.1
Project("{FAE04EC0-301F-11D3-BF4B-00C04F79EFBC}") = "MerfeSortedArray", "MerfeSortedArray\MerfeSortedArray.csproj", "{A3428D37-6DD3-4AC1-9A3B-88A54D24F965}"
EndProject
Global
	GlobalSection(SolutionConfigurationPlatforms) = preSolution
		Debug|Any CPU = Debug|Any CPU
		Release|Any CPU = Release|Any CPU
	EndGlobalSection
	GlobalSection(ProjectConfigurationPlatforms) = postSolution
		{A3428D37-6DD3-4AC1-9A3B-88A54D24F965}.Debug|Any CPU.ActiveCfg = Debug|Any CPU
		{A3428D37-6DD3-4AC1-9A3B-88A54D24F965}.Debug|Any CPU.Build.0 = Debug|Any CPU
		{A3428D37-6DD3-4AC1-9A3B-88A54D24F965}.Release|Any CPU.ActiveCfg = Release|Any CPU
		{A3428D37-6DD3-4AC1-9A3B-88A54D24F965}.Release|Any CPU.Build.0 = Release|Any CPU
	EndGlobalSection
	GlobalSection(SolutionProperties) = preSolution
		HideSolutionNode = FALSE
	EndGlobalSection
	GlobalSection(ExtensibilityGlobals) = postSolution
		SolutionGuid = {45338DC4-2D73-49F5-A6BC-27FDD9BEB9B0}
	EndGlobalSection
EndGlobal
