
Microsoft Visual Studio Solution File, Format Version 12.00
# Visual Studio Version 17
VisualStudioVersion = 17.11.35312.102
MinimumVisualStudioVersion = 10.0.40219.1
Project("{FAE04EC0-301F-11D3-BF4B-00C04F79EFBC}") = "LengthOfLastWord", "LengthOfLastWord\LengthOfLastWord.csproj", "{EAA7AAAD-2A6D-4A5D-BC58-B46A3A283D20}"
EndProject
Global
	GlobalSection(SolutionConfigurationPlatforms) = preSolution
		Debug|Any CPU = Debug|Any CPU
		Release|Any CPU = Release|Any CPU
	EndGlobalSection
	GlobalSection(ProjectConfigurationPlatforms) = postSolution
		{EAA7AAAD-2A6D-4A5D-BC58-B46A3A283D20}.Debug|Any CPU.ActiveCfg = Debug|Any CPU
		{EAA7AAAD-2A6D-4A5D-BC58-B46A3A283D20}.Debug|Any CPU.Build.0 = Debug|Any CPU
		{EAA7AAAD-2A6D-4A5D-BC58-B46A3A283D20}.Release|Any CPU.ActiveCfg = Release|Any CPU
		{EAA7AAAD-2A6D-4A5D-BC58-B46A3A283D20}.Release|Any CPU.Build.0 = Release|Any CPU
	EndGlobalSection
	GlobalSection(SolutionProperties) = preSolution
		HideSolutionNode = FALSE
	EndGlobalSection
	GlobalSection(ExtensibilityGlobals) = postSolution
		SolutionGuid = {4E9ED5F9-D61B-4200-A3E8-E677835590A4}
	EndGlobalSection
EndGlobal
