
Microsoft Visual Studio Solution File, Format Version 12.00
# Visual Studio Version 17
VisualStudioVersion = 17.11.35312.102
MinimumVisualStudioVersion = 10.0.40219.1
Project("{FAE04EC0-301F-11D3-BF4B-00C04F79EFBC}") = "TwoSum", "TwoSum\TwoSum.csproj", "{44CA426B-4F92-471B-AC02-B6FEF7892E56}"
EndProject
Global
	GlobalSection(SolutionConfigurationPlatforms) = preSolution
		Debug|Any CPU = Debug|Any CPU
		Release|Any CPU = Release|Any CPU
	EndGlobalSection
	GlobalSection(ProjectConfigurationPlatforms) = postSolution
		{44CA426B-4F92-471B-AC02-B6FEF7892E56}.Debug|Any CPU.ActiveCfg = Debug|Any CPU
		{44CA426B-4F92-471B-AC02-B6FEF7892E56}.Debug|Any CPU.Build.0 = Debug|Any CPU
		{44CA426B-4F92-471B-AC02-B6FEF7892E56}.Release|Any CPU.ActiveCfg = Release|Any CPU
		{44CA426B-4F92-471B-AC02-B6FEF7892E56}.Release|Any CPU.Build.0 = Release|Any CPU
	EndGlobalSection
	GlobalSection(SolutionProperties) = preSolution
		HideSolutionNode = FALSE
	EndGlobalSection
	GlobalSection(ExtensibilityGlobals) = postSolution
		SolutionGuid = {CE9B30D1-B0D3-4D96-9ACC-E5EBD90EA368}
	EndGlobalSection
EndGlobal
