
Microsoft Visual Studio Solution File, Format Version 12.00
# Visual Studio Version 17
VisualStudioVersion = 17.11.35312.102
MinimumVisualStudioVersion = 10.0.40219.1
Project("{FAE04EC0-301F-11D3-BF4B-00C04F79EFBC}") = "IsSubsequence", "IsSubsequence\IsSubsequence.csproj", "{EFD4777A-0511-4B9E-8655-E9C890E3EA01}"
EndProject
Global
	GlobalSection(SolutionConfigurationPlatforms) = preSolution
		Debug|Any CPU = Debug|Any CPU
		Release|Any CPU = Release|Any CPU
	EndGlobalSection
	GlobalSection(ProjectConfigurationPlatforms) = postSolution
		{EFD4777A-0511-4B9E-8655-E9C890E3EA01}.Debug|Any CPU.ActiveCfg = Debug|Any CPU
		{EFD4777A-0511-4B9E-8655-E9C890E3EA01}.Debug|Any CPU.Build.0 = Debug|Any CPU
		{EFD4777A-0511-4B9E-8655-E9C890E3EA01}.Release|Any CPU.ActiveCfg = Release|Any CPU
		{EFD4777A-0511-4B9E-8655-E9C890E3EA01}.Release|Any CPU.Build.0 = Release|Any CPU
	EndGlobalSection
	GlobalSection(SolutionProperties) = preSolution
		HideSolutionNode = FALSE
	EndGlobalSection
	GlobalSection(ExtensibilityGlobals) = postSolution
		SolutionGuid = {B464FC4C-952E-4D24-BE1B-80D5C28EC1E5}
	EndGlobalSection
EndGlobal
