
Microsoft Visual Studio Solution File, Format Version 12.00
# Visual Studio Version 17
VisualStudioVersion = 17.11.35312.102
MinimumVisualStudioVersion = 10.0.40219.1
Project("{FAE04EC0-301F-11D3-BF4B-00C04F79EFBC}") = "SearchInsert", "SearchInsert.csproj", "{1DF1FF10-8DC6-4C7E-B19F-E1E1C853DB9F}"
EndProject
Global
	GlobalSection(SolutionConfigurationPlatforms) = preSolution
		Debug|Any CPU = Debug|Any CPU
		Release|Any CPU = Release|Any CPU
	EndGlobalSection
	GlobalSection(ProjectConfigurationPlatforms) = postSolution
		{1DF1FF10-8DC6-4C7E-B19F-E1E1C853DB9F}.Debug|Any CPU.ActiveCfg = Debug|Any CPU
		{1DF1FF10-8DC6-4C7E-B19F-E1E1C853DB9F}.Debug|Any CPU.Build.0 = Debug|Any CPU
		{1DF1FF10-8DC6-4C7E-B19F-E1E1C853DB9F}.Release|Any CPU.ActiveCfg = Release|Any CPU
		{1DF1FF10-8DC6-4C7E-B19F-E1E1C853DB9F}.Release|Any CPU.Build.0 = Release|Any CPU
	EndGlobalSection
	GlobalSection(SolutionProperties) = preSolution
		HideSolutionNode = FALSE
	EndGlobalSection
	GlobalSection(ExtensibilityGlobals) = postSolution
		SolutionGuid = {E59D1CD2-3BE7-4525-BFD7-47371F4474F9}
	EndGlobalSection
EndGlobal
