
Microsoft Visual Studio Solution File, Format Version 12.00
# Visual Studio Version 17
VisualStudioVersion = 17.12.35527.113
MinimumVisualStudioVersion = 10.0.40219.1
Project("{FAE04EC0-301F-11D3-BF4B-00C04F79EFBC}") = "TimHaiSoLonNhatTrongMang", "TimHaiSoLonNhatTrongMang\TimHaiSoLonNhatTrongMang.csproj", "{AD1F1AEE-BC39-4AC6-8044-A0EBCE12FC09}"
EndProject
Project("{FAE04EC0-301F-11D3-BF4B-00C04F79EFBC}") = "TimUocChungLonNhat", "TimUocChungLonNhat\TimUocChungLonNhat.csproj", "{A6EDF8F8-D1E4-42A8-8228-943298C44CBC}"
EndProject
Project("{FAE04EC0-301F-11D3-BF4B-00C04F79EFBC}") = "TinhTongVaTichCacSoTrongMang", "TinhTongVaTichCacSoTrongMang\TinhTongVaTichCacSoTrongMang.csproj", "{29A5EA68-ECCB-40D6-A1FD-87AAC0862817}"
EndProject
Project("{FAE04EC0-301F-11D3-BF4B-00C04F79EFBC}") = "TimViTriSoLonNhatNhoNhatTrongMang", "TimViTriSoLonNhatNhoNhatTrongMang\TimViTriSoLonNhatNhoNhatTrongMang.csproj", "{39B696BF-A7E3-4016-A36E-7B63CD193095}"
EndProject
Project("{FAE04EC0-301F-11D3-BF4B-00C04F79EFBC}") = "LietKeSoFibonacci", "LietKeSoFibonacci\LietKeSoFibonacci.csproj", "{5C64DABF-E5A9-4E17-9E4B-10CEA985B678}"
EndProject
Project("{FAE04EC0-301F-11D3-BF4B-00C04F79EFBC}") = "CanBangNguyenTo", "CanBangNguyenTo\CanBangNguyenTo.csproj", "{7E1821F4-71FD-4C8E-AB2A-AF037B1AD8A0}"
EndProject
Project("{FAE04EC0-301F-11D3-BF4B-00C04F79EFBC}") = "TimDoChenhLechNhoNhatGiuaCapSoTrongMang", "TimDoChenhLechNhoNhatGiuaCapSoTrongMang\TimDoChenhLechNhoNhatGiuaCapSoTrongMang.csproj", "{DAFFBC19-14FB-4DF4-A14C-E4D0C6F83F4E}"
EndProject
Project("{FAE04EC0-301F-11D3-BF4B-00C04F79EFBC}") = "DemSoCapCoTongBangKTrongMang", "DemSoCapCoTongBangKTrongMang\DemSoCapCoTongBangKTrongMang.csproj", "{D530DD4F-E4F2-4D5F-BD85-9E6A0EA46B90}"
EndProject
Project("{FAE04EC0-301F-11D3-BF4B-00C04F79EFBC}") = "LietKeNhungPhanTuLaSoChanTaiChiSoChan", "LietKeNhungPhanTuLaSoChanTaiChiSoChan\LietKeNhungPhanTuLaSoChanTaiChiSoChan.csproj", "{956E1EE9-1BA4-4DE9-AB59-70F0152C332F}"
EndProject
Project("{FAE04EC0-301F-11D3-BF4B-00C04F79EFBC}") = "DemSoLuongSoLonHonNhoHonMotSoChoTruoc", "DemSoLuongSoLonHonNhoHonMotSoChoTruoc\DemSoLuongSoLonHonNhoHonMotSoChoTruoc.csproj", "{F7CF0A52-7959-4F81-B614-AE336A36B92D}"
EndProject
Project("{FAE04EC0-301F-11D3-BF4B-00C04F79EFBC}") = "DemSoLuongPhanTuNhoNhatTrongMang", "DemSoLuongPhanTuNhoNhatTrongMang\DemSoLuongPhanTuNhoNhatTrongMang.csproj", "{8BAD9EA9-5039-4BD7-9765-0416542CE729}"
EndProject
Global
	GlobalSection(SolutionConfigurationPlatforms) = preSolution
		Debug|Any CPU = Debug|Any CPU
		Release|Any CPU = Release|Any CPU
	EndGlobalSection
	GlobalSection(ProjectConfigurationPlatforms) = postSolution
		{AD1F1AEE-BC39-4AC6-8044-A0EBCE12FC09}.Debug|Any CPU.ActiveCfg = Debug|Any CPU
		{AD1F1AEE-BC39-4AC6-8044-A0EBCE12FC09}.Debug|Any CPU.Build.0 = Debug|Any CPU
		{AD1F1AEE-BC39-4AC6-8044-A0EBCE12FC09}.Release|Any CPU.ActiveCfg = Release|Any CPU
		{AD1F1AEE-BC39-4AC6-8044-A0EBCE12FC09}.Release|Any CPU.Build.0 = Release|Any CPU
		{A6EDF8F8-D1E4-42A8-8228-943298C44CBC}.Debug|Any CPU.ActiveCfg = Debug|Any CPU
		{A6EDF8F8-D1E4-42A8-8228-943298C44CBC}.Debug|Any CPU.Build.0 = Debug|Any CPU
		{A6EDF8F8-D1E4-42A8-8228-943298C44CBC}.Release|Any CPU.ActiveCfg = Release|Any CPU
		{A6EDF8F8-D1E4-42A8-8228-943298C44CBC}.Release|Any CPU.Build.0 = Release|Any CPU
		{29A5EA68-ECCB-40D6-A1FD-87AAC0862817}.Debug|Any CPU.ActiveCfg = Debug|Any CPU
		{29A5EA68-ECCB-40D6-A1FD-87AAC0862817}.Debug|Any CPU.Build.0 = Debug|Any CPU
		{29A5EA68-ECCB-40D6-A1FD-87AAC0862817}.Release|Any CPU.ActiveCfg = Release|Any CPU
		{29A5EA68-ECCB-40D6-A1FD-87AAC0862817}.Release|Any CPU.Build.0 = Release|Any CPU
		{39B696BF-A7E3-4016-A36E-7B63CD193095}.Debug|Any CPU.ActiveCfg = Debug|Any CPU
		{39B696BF-A7E3-4016-A36E-7B63CD193095}.Debug|Any CPU.Build.0 = Debug|Any CPU
		{39B696BF-A7E3-4016-A36E-7B63CD193095}.Release|Any CPU.ActiveCfg = Release|Any CPU
		{39B696BF-A7E3-4016-A36E-7B63CD193095}.Release|Any CPU.Build.0 = Release|Any CPU
		{5C64DABF-E5A9-4E17-9E4B-10CEA985B678}.Debug|Any CPU.ActiveCfg = Debug|Any CPU
		{5C64DABF-E5A9-4E17-9E4B-10CEA985B678}.Debug|Any CPU.Build.0 = Debug|Any CPU
		{5C64DABF-E5A9-4E17-9E4B-10CEA985B678}.Release|Any CPU.ActiveCfg = Release|Any CPU
		{5C64DABF-E5A9-4E17-9E4B-10CEA985B678}.Release|Any CPU.Build.0 = Release|Any CPU
		{7E1821F4-71FD-4C8E-AB2A-AF037B1AD8A0}.Debug|Any CPU.ActiveCfg = Debug|Any CPU
		{7E1821F4-71FD-4C8E-AB2A-AF037B1AD8A0}.Debug|Any CPU.Build.0 = Debug|Any CPU
		{7E1821F4-71FD-4C8E-AB2A-AF037B1AD8A0}.Release|Any CPU.ActiveCfg = Release|Any CPU
		{7E1821F4-71FD-4C8E-AB2A-AF037B1AD8A0}.Release|Any CPU.Build.0 = Release|Any CPU
		{DAFFBC19-14FB-4DF4-A14C-E4D0C6F83F4E}.Debug|Any CPU.ActiveCfg = Debug|Any CPU
		{DAFFBC19-14FB-4DF4-A14C-E4D0C6F83F4E}.Debug|Any CPU.Build.0 = Debug|Any CPU
		{DAFFBC19-14FB-4DF4-A14C-E4D0C6F83F4E}.Release|Any CPU.ActiveCfg = Release|Any CPU
		{DAFFBC19-14FB-4DF4-A14C-E4D0C6F83F4E}.Release|Any CPU.Build.0 = Release|Any CPU
		{D530DD4F-E4F2-4D5F-BD85-9E6A0EA46B90}.Debug|Any CPU.ActiveCfg = Debug|Any CPU
		{D530DD4F-E4F2-4D5F-BD85-9E6A0EA46B90}.Debug|Any CPU.Build.0 = Debug|Any CPU
		{D530DD4F-E4F2-4D5F-BD85-9E6A0EA46B90}.Release|Any CPU.ActiveCfg = Release|Any CPU
		{D530DD4F-E4F2-4D5F-BD85-9E6A0EA46B90}.Release|Any CPU.Build.0 = Release|Any CPU
		{956E1EE9-1BA4-4DE9-AB59-70F0152C332F}.Debug|Any CPU.ActiveCfg = Debug|Any CPU
		{956E1EE9-1BA4-4DE9-AB59-70F0152C332F}.Debug|Any CPU.Build.0 = Debug|Any CPU
		{956E1EE9-1BA4-4DE9-AB59-70F0152C332F}.Release|Any CPU.ActiveCfg = Release|Any CPU
		{956E1EE9-1BA4-4DE9-AB59-70F0152C332F}.Release|Any CPU.Build.0 = Release|Any CPU
		{F7CF0A52-7959-4F81-B614-AE336A36B92D}.Debug|Any CPU.ActiveCfg = Debug|Any CPU
		{F7CF0A52-7959-4F81-B614-AE336A36B92D}.Debug|Any CPU.Build.0 = Debug|Any CPU
		{F7CF0A52-7959-4F81-B614-AE336A36B92D}.Release|Any CPU.ActiveCfg = Release|Any CPU
		{F7CF0A52-7959-4F81-B614-AE336A36B92D}.Release|Any CPU.Build.0 = Release|Any CPU
		{8BAD9EA9-5039-4BD7-9765-0416542CE729}.Debug|Any CPU.ActiveCfg = Debug|Any CPU
		{8BAD9EA9-5039-4BD7-9765-0416542CE729}.Debug|Any CPU.Build.0 = Debug|Any CPU
		{8BAD9EA9-5039-4BD7-9765-0416542CE729}.Release|Any CPU.ActiveCfg = Release|Any CPU
		{8BAD9EA9-5039-4BD7-9765-0416542CE729}.Release|Any CPU.Build.0 = Release|Any CPU
	EndGlobalSection
	GlobalSection(SolutionProperties) = preSolution
		HideSolutionNode = FALSE
	EndGlobalSection
EndGlobal
