
Microsoft Visual Studio Solution File, Format Version 12.00
# Visual Studio Version 17
VisualStudioVersion = 17.11.35312.102
MinimumVisualStudioVersion = 10.0.40219.1
Project("{FAE04EC0-301F-11D3-BF4B-00C04F79EFBC}") = "MinimunSizeSubArray", "MinimunSizeSubArray\MinimunSizeSubArray.csproj", "{164FC717-F629-48B5-B7EA-A2562E70132B}"
EndProject
Global
	GlobalSection(SolutionConfigurationPlatforms) = preSolution
		Debug|Any CPU = Debug|Any CPU
		Release|Any CPU = Release|Any CPU
	EndGlobalSection
	GlobalSection(ProjectConfigurationPlatforms) = postSolution
		{164FC717-F629-48B5-B7EA-A2562E70132B}.Debug|Any CPU.ActiveCfg = Debug|Any CPU
		{164FC717-F629-48B5-B7EA-A2562E70132B}.Debug|Any CPU.Build.0 = Debug|Any CPU
		{164FC717-F629-48B5-B7EA-A2562E70132B}.Release|Any CPU.ActiveCfg = Release|Any CPU
		{164FC717-F629-48B5-B7EA-A2562E70132B}.Release|Any CPU.Build.0 = Release|Any CPU
	EndGlobalSection
	GlobalSection(SolutionProperties) = preSolution
		HideSolutionNode = FALSE
	EndGlobalSection
	GlobalSection(ExtensibilityGlobals) = postSolution
		SolutionGuid = {92F14479-532C-4F1E-B1D7-AC54F979DB88}
	EndGlobalSection
EndGlobal
