
Microsoft Visual Studio Solution File, Format Version 12.00
# Visual Studio Version 17
VisualStudioVersion = 17.11.35312.102
MinimumVisualStudioVersion = 10.0.40219.1
Project("{FAE04EC0-301F-11D3-BF4B-00C04F79EFBC}") = "NumberOfIslands", "NumberOfIslands\NumberOfIslands.csproj", "{F4BD75A5-2014-4936-AA27-717A2E2B734C}"
EndProject
Global
	GlobalSection(SolutionConfigurationPlatforms) = preSolution
		Debug|Any CPU = Debug|Any CPU
		Release|Any CPU = Release|Any CPU
	EndGlobalSection
	GlobalSection(ProjectConfigurationPlatforms) = postSolution
		{F4BD75A5-2014-4936-AA27-717A2E2B734C}.Debug|Any CPU.ActiveCfg = Debug|Any CPU
		{F4BD75A5-2014-4936-AA27-717A2E2B734C}.Debug|Any CPU.Build.0 = Debug|Any CPU
		{F4BD75A5-2014-4936-AA27-717A2E2B734C}.Release|Any CPU.ActiveCfg = Release|Any CPU
		{F4BD75A5-2014-4936-AA27-717A2E2B734C}.Release|Any CPU.Build.0 = Release|Any CPU
	EndGlobalSection
	GlobalSection(SolutionProperties) = preSolution
		HideSolutionNode = FALSE
	EndGlobalSection
	GlobalSection(ExtensibilityGlobals) = postSolution
		SolutionGuid = {E17C01B4-523D-4064-850A-F0687E764F8B}
	EndGlobalSection
EndGlobal
