
Microsoft Visual Studio Solution File, Format Version 12.00
# Visual Studio Version 17
VisualStudioVersion = 17.11.35312.102
MinimumVisualStudioVersion = 10.0.40219.1
Project("{FAE04EC0-301F-11D3-BF4B-00C04F79EFBC}") = "ContainsDuplicateII", "ContainsDuplicateII\ContainsDuplicateII.csproj", "{B17FE18A-3CE7-4672-AA0C-F05F74515FB3}"
EndProject
Global
	GlobalSection(SolutionConfigurationPlatforms) = preSolution
		Debug|Any CPU = Debug|Any CPU
		Release|Any CPU = Release|Any CPU
	EndGlobalSection
	GlobalSection(ProjectConfigurationPlatforms) = postSolution
		{B17FE18A-3CE7-4672-AA0C-F05F74515FB3}.Debug|Any CPU.ActiveCfg = Debug|Any CPU
		{B17FE18A-3CE7-4672-AA0C-F05F74515FB3}.Debug|Any CPU.Build.0 = Debug|Any CPU
		{B17FE18A-3CE7-4672-AA0C-F05F74515FB3}.Release|Any CPU.ActiveCfg = Release|Any CPU
		{B17FE18A-3CE7-4672-AA0C-F05F74515FB3}.Release|Any CPU.Build.0 = Release|Any CPU
	EndGlobalSection
	GlobalSection(SolutionProperties) = preSolution
		HideSolutionNode = FALSE
	EndGlobalSection
	GlobalSection(ExtensibilityGlobals) = postSolution
		SolutionGuid = {648398ED-7B41-4F2D-88DD-BC2BC2356646}
	EndGlobalSection
EndGlobal
