
Microsoft Visual Studio Solution File, Format Version 12.00
# Visual Studio Version 17
VisualStudioVersion = 17.11.35312.102
MinimumVisualStudioVersion = 10.0.40219.1
Project("{FAE04EC0-301F-11D3-BF4B-00C04F79EFBC}") = "StrStr", "StrStr.csproj", "{D2A88C6F-6AD8-4FA0-98A6-F64F7A72074A}"
EndProject
Global
	GlobalSection(SolutionConfigurationPlatforms) = preSolution
		Debug|Any CPU = Debug|Any CPU
		Release|Any CPU = Release|Any CPU
	EndGlobalSection
	GlobalSection(ProjectConfigurationPlatforms) = postSolution
		{D2A88C6F-6AD8-4FA0-98A6-F64F7A72074A}.Debug|Any CPU.ActiveCfg = Debug|Any CPU
		{D2A88C6F-6AD8-4FA0-98A6-F64F7A72074A}.Debug|Any CPU.Build.0 = Debug|Any CPU
		{D2A88C6F-6AD8-4FA0-98A6-F64F7A72074A}.Release|Any CPU.ActiveCfg = Release|Any CPU
		{D2A88C6F-6AD8-4FA0-98A6-F64F7A72074A}.Release|Any CPU.Build.0 = Release|Any CPU
	EndGlobalSection
	GlobalSection(SolutionProperties) = preSolution
		HideSolutionNode = FALSE
	EndGlobalSection
	GlobalSection(ExtensibilityGlobals) = postSolution
		SolutionGuid = {2C9518F9-F5B6-47C1-8709-BA96E57B69FF}
	EndGlobalSection
EndGlobal
