
Microsoft Visual Studio Solution File, Format Version 12.00
# Visual Studio Version 17
VisualStudioVersion = 17.11.35312.102
MinimumVisualStudioVersion = 10.0.40219.1
Project("{FAE04EC0-301F-11D3-BF4B-00C04F79EFBC}") = "HappyNumber", "HappyNumber\HappyNumber.csproj", "{D5C7CA9C-154A-4E32-9F57-B91019E93376}"
EndProject
Global
	GlobalSection(SolutionConfigurationPlatforms) = preSolution
		Debug|Any CPU = Debug|Any CPU
		Release|Any CPU = Release|Any CPU
	EndGlobalSection
	GlobalSection(ProjectConfigurationPlatforms) = postSolution
		{D5C7CA9C-154A-4E32-9F57-B91019E93376}.Debug|Any CPU.ActiveCfg = Debug|Any CPU
		{D5C7CA9C-154A-4E32-9F57-B91019E93376}.Debug|Any CPU.Build.0 = Debug|Any CPU
		{D5C7CA9C-154A-4E32-9F57-B91019E93376}.Release|Any CPU.ActiveCfg = Release|Any CPU
		{D5C7CA9C-154A-4E32-9F57-B91019E93376}.Release|Any CPU.Build.0 = Release|Any CPU
	EndGlobalSection
	GlobalSection(SolutionProperties) = preSolution
		HideSolutionNode = FALSE
	EndGlobalSection
	GlobalSection(ExtensibilityGlobals) = postSolution
		SolutionGuid = {755D9E18-9865-4451-B035-67D3247A32C0}
	EndGlobalSection
EndGlobal
